// !$*UTF8*$!
{
	archiveVersion = 1;
	classes = {
	};
	objectVersion = 56;
	objects = {

/* Begin PBXBuildFile section */
		0CA003962B0BBFB1001DEC92 /* AppDelegate.swift in Sources */ = {isa = PBXBuildFile; fileRef = 0CA003952B0BBFB1001DEC92 /* AppDelegate.swift */; };
		0CA003982B0BBFB1001DEC92 /* GameScene.sks in Resources */ = {isa = PBXBuildFile; fileRef = 0CA003972B0BBFB1001DEC92 /* GameScene.sks */; };
		0CA0039C2B0BBFB1001DEC92 /* GameScene.swift in Sources */ = {isa = PBXBuildFile; fileRef = 0CA0039B2B0BBFB1001DEC92 /* GameScene.swift */; };
		0CA0039E2B0BBFB1001DEC92 /* GameViewController.swift in Sources */ = {isa = PBXBuildFile; fileRef = 0CA0039D2B0BBFB1001DEC92 /* GameViewController.swift */; };
		0CA003A12B0BBFB1001DEC92 /* Main.storyboard in Resources */ = {isa = PBXBuildFile; fileRef = 0CA0039F2B0BBFB1001DEC92 /* Main.storyboard */; };
		0CA003A32B0BBFB2001DEC92 /* Assets.xcassets in Resources */ = {isa = PBXBuildFile; fileRef = 0CA003A22B0BBFB2001DEC92 /* Assets.xcassets */; };
		0CA003A62B0BBFB2001DEC92 /* LaunchScreen.storyboard in Resources */ = {isa = PBXBuildFile; fileRef = 0CA003A42B0BBFB2001DEC92 /* LaunchScreen.storyboard */; };
		0CA003B52B0BC0CC001DEC92 /* explosion.caf in Resources */ = {isa = PBXBuildFile; fileRef = 0CA003AD2B0BC0CB001DEC92 /* explosion.caf */; };
		0CA003B62B0BC0CC001DEC92 /* swoosh1.caf in Resources */ = {isa = PBXBuildFile; fileRef = 0CA003AE2B0BC0CB001DEC92 /* swoosh1.caf */; };
		0CA003B72B0BC0CC001DEC92 /* sliceBombFuse.caf in Resources */ = {isa = PBXBuildFile; fileRef = 0CA003AF2B0BC0CC001DEC92 /* sliceBombFuse.caf */; };
		0CA003B82B0BC0CC001DEC92 /* swoosh2.caf in Resources */ = {isa = PBXBuildFile; fileRef = 0CA003B02B0BC0CC001DEC92 /* swoosh2.caf */; };
		0CA003B92B0BC0CC001DEC92 /* whack.caf in Resources */ = {isa = PBXBuildFile; fileRef = 0CA003B12B0BC0CC001DEC92 /* whack.caf */; };
		0CA003BA2B0BC0CC001DEC92 /* wrong.caf in Resources */ = {isa = PBXBuildFile; fileRef = 0CA003B22B0BC0CC001DEC92 /* wrong.caf */; };
		0CA003BB2B0BC0CC001DEC92 /* launch.caf in Resources */ = {isa = PBXBuildFile; fileRef = 0CA003B32B0BC0CC001DEC92 /* launch.caf */; };
		0CA003BC2B0BC0CC001DEC92 /* swoosh3.caf in Resources */ = {isa = PBXBuildFile; fileRef = 0CA003B42B0BC0CC001DEC92 /* swoosh3.caf */; };
		0CA003C12B0BC10C001DEC92 /* sliceHitEnemy.sks in Resources */ = {isa = PBXBuildFile; fileRef = 0CA003BE2B0BC10C001DEC92 /* sliceHitEnemy.sks */; };
		0CA003C22B0BC10C001DEC92 /* sliceFuse.sks in Resources */ = {isa = PBXBuildFile; fileRef = 0CA003BF2B0BC10C001DEC92 /* sliceFuse.sks */; };
		0CA003C32B0BC10C001DEC92 /* sliceHitBomb.sks in Resources */ = {isa = PBXBuildFile; fileRef = 0CA003C02B0BC10C001DEC92 /* sliceHitBomb.sks */; };
		70C654D62B0E190000216ECF /* gameOver.mp3 in Resources */ = {isa = PBXBuildFile; fileRef = 70C654D52B0E190000216ECF /* gameOver.mp3 */; };
/* End PBXBuildFile section */

/* Begin PBXFileReference section */
		0CA003922B0BBFB1001DEC92 /* Project23.app */ = {isa = PBXFileReference; explicitFileType = wrapper.application; includeInIndex = 0; path = Project23.app; sourceTree = BUILT_PRODUCTS_DIR; };
		0CA003952B0BBFB1001DEC92 /* AppDelegate.swift */ = {isa = PBXFileReference; lastKnownFileType = sourcecode.swift; path = AppDelegate.swift; sourceTree = "<group>"; };
		0CA003972B0BBFB1001DEC92 /* GameScene.sks */ = {isa = PBXFileReference; lastKnownFileType = file.sks; path = GameScene.sks; sourceTree = "<group>"; };
		0CA0039B2B0BBFB1001DEC92 /* GameScene.swift */ = {isa = PBXFileReference; lastKnownFileType = sourcecode.swift; path = GameScene.swift; sourceTree = "<group>"; };
		0CA0039D2B0BBFB1001DEC92 /* GameViewController.swift */ = {isa = PBXFileReference; lastKnownFileType = sourcecode.swift; path = GameViewController.swift; sourceTree = "<group>"; };
		0CA003A02B0BBFB1001DEC92 /* Base */ = {isa = PBXFileReference; lastKnownFileType = file.storyboard; name = Base; path = Base.lproj/Main.storyboard; sourceTree = "<group>"; };
		0CA003A22B0BBFB2001DEC92 /* Assets.xcassets */ = {isa = PBXFileReference; lastKnownFileType = folder.assetcatalog; path = Assets.xcassets; sourceTree = "<group>"; };
		0CA003A52B0BBFB2001DEC92 /* Base */ = {isa = PBXFileReference; lastKnownFileType = file.storyboard; name = Base; path = Base.lproj/LaunchScreen.storyboard; sourceTree = "<group>"; };
		0CA003AD2B0BC0CB001DEC92 /* explosion.caf */ = {isa = PBXFileReference; lastKnownFileType = file; path = explosion.caf; sourceTree = "<group>"; };
		0CA003AE2B0BC0CB001DEC92 /* swoosh1.caf */ = {isa = PBXFileReference; lastKnownFileType = file; path = swoosh1.caf; sourceTree = "<group>"; };
		0CA003AF2B0BC0CC001DEC92 /* sliceBombFuse.caf */ = {isa = PBXFileReference; lastKnownFileType = file; path = sliceBombFuse.caf; sourceTree = "<group>"; };
		0CA003B02B0BC0CC001DEC92 /* swoosh2.caf */ = {isa = PBXFileReference; lastKnownFileType = file; path = swoosh2.caf; sourceTree = "<group>"; };
		0CA003B12B0BC0CC001DEC92 /* whack.caf */ = {isa = PBXFileReference; lastKnownFileType = file; path = whack.caf; sourceTree = "<group>"; };
		0CA003B22B0BC0CC001DEC92 /* wrong.caf */ = {isa = PBXFileReference; lastKnownFileType = file; path = wrong.caf; sourceTree = "<group>"; };
		0CA003B32B0BC0CC001DEC92 /* launch.caf */ = {isa = PBXFileReference; lastKnownFileType = file; path = launch.caf; sourceTree = "<group>"; };
		0CA003B42B0BC0CC001DEC92 /* swoosh3.caf */ = {isa = PBXFileReference; lastKnownFileType = file; path = swoosh3.caf; sourceTree = "<group>"; };
		0CA003BE2B0BC10C001DEC92 /* sliceHitEnemy.sks */ = {isa = PBXFileReference; lastKnownFileType = file.sks; path = sliceHitEnemy.sks; sourceTree = "<group>"; };
		0CA003BF2B0BC10C001DEC92 /* sliceFuse.sks */ = {isa = PBXFileReference; lastKnownFileType = file.sks; path = sliceFuse.sks; sourceTree = "<group>"; };
		0CA003C02B0BC10C001DEC92 /* sliceHitBomb.sks */ = {isa = PBXFileReference; lastKnownFileType = file.sks; path = sliceHitBomb.sks; sourceTree = "<group>"; };
		70C654D52B0E190000216ECF /* gameOver.mp3 */ = {isa = PBXFileReference; lastKnownFileType = audio.mp3; path = gameOver.mp3; sourceTree = "<group>"; };
/* End PBXFileReference section */

/* Begin PBXFrameworksBuildPhase section */
		0CA0038F2B0BBFB1001DEC92 /* Frameworks */ = {
			isa = PBXFrameworksBuildPhase;
			buildActionMask = 2147483647;
			files = (
			);
			runOnlyForDeploymentPostprocessing = 0;
		};
/* End PBXFrameworksBuildPhase section */

/* Begin PBXGroup section */
		0CA003892B0BBFB1001DEC92 = {
			isa = PBXGroup;
			children = (
				0CA003942B0BBFB1001DEC92 /* Project23 */,
				0CA003932B0BBFB1001DEC92 /* Products */,
			);
			sourceTree = "<group>";
		};
		0CA003932B0BBFB1001DEC92 /* Products */ = {
			isa = PBXGroup;
			children = (
				0CA003922B0BBFB1001DEC92 /* Project23.app */,
			);
			name = Products;
			sourceTree = "<group>";
		};
		0CA003942B0BBFB1001DEC92 /* Project23 */ = {
			isa = PBXGroup;
			children = (
				0CA003952B0BBFB1001DEC92 /* AppDelegate.swift */,
				0CA003972B0BBFB1001DEC92 /* GameScene.sks */,
				0CA0039B2B0BBFB1001DEC92 /* GameScene.swift */,
				0CA0039D2B0BBFB1001DEC92 /* GameViewController.swift */,
				0CA0039F2B0BBFB1001DEC92 /* Main.storyboard */,
				0CA003A22B0BBFB2001DEC92 /* Assets.xcassets */,
				0CA003A42B0BBFB2001DEC92 /* LaunchScreen.storyboard */,
				0CA003AC2B0BC082001DEC92 /* Sounds */,
				0CA003BD2B0BC0E0001DEC92 /* Sprites */,
			);
			path = Project23;
			sourceTree = "<group>";
		};
		0CA003AC2B0BC082001DEC92 /* Sounds */ = {
			isa = PBXGroup;
			children = (
				70C654D52B0E190000216ECF /* gameOver.mp3 */,
				0CA003AD2B0BC0CB001DEC92 /* explosion.caf */,
				0CA003B32B0BC0CC001DEC92 /* launch.caf */,
				0CA003AF2B0BC0CC001DEC92 /* sliceBombFuse.caf */,
				0CA003AE2B0BC0CB001DEC92 /* swoosh1.caf */,
				0CA003B02B0BC0CC001DEC92 /* swoosh2.caf */,
				0CA003B42B0BC0CC001DEC92 /* swoosh3.caf */,
				0CA003B12B0BC0CC001DEC92 /* whack.caf */,
				0CA003B22B0BC0CC001DEC92 /* wrong.caf */,
			);
			path = Sounds;
			sourceTree = "<group>";
		};
		0CA003BD2B0BC0E0001DEC92 /* Sprites */ = {
			isa = PBXGroup;
			children = (
				0CA003BF2B0BC10C001DEC92 /* sliceFuse.sks */,
				0CA003C02B0BC10C001DEC92 /* sliceHitBomb.sks */,
				0CA003BE2B0BC10C001DEC92 /* sliceHitEnemy.sks */,
			);
			path = Sprites;
			sourceTree = "<group>";
		};
/* End PBXGroup section */

/* Begin PBXNativeTarget section */
		0CA003912B0BBFB1001DEC92 /* Project23 */ = {
			isa = PBXNativeTarget;
			buildConfigurationList = 0CA003A92B0BBFB2001DEC92 /* Build configuration list for PBXNativeTarget "Project23" */;
			buildPhases = (
				0CA0038E2B0BBFB1001DEC92 /* Sources */,
				0CA0038F2B0BBFB1001DEC92 /* Frameworks */,
				0CA003902B0BBFB1001DEC92 /* Resources */,
			);
			buildRules = (
			);
			dependencies = (
			);
			name = Project23;
			productName = Project23;
			productReference = 0CA003922B0BBFB1001DEC92 /* Project23.app */;
			productType = "com.apple.product-type.application";
		};
/* End PBXNativeTarget section */

/* Begin PBXProject section */
		0CA0038A2B0BBFB1001DEC92 /* Project object */ = {
			isa = PBXProject;
			attributes = {
				BuildIndependentTargetsInParallel = 1;
				LastSwiftUpdateCheck = 1500;
				LastUpgradeCheck = 1500;
				TargetAttributes = {
					0CA003912B0BBFB1001DEC92 = {
						CreatedOnToolsVersion = 15.0.1;
					};
				};
			};
			buildConfigurationList = 0CA0038D2B0BBFB1001DEC92 /* Build configuration list for PBXProject "Project23" */;
			compatibilityVersion = "Xcode 14.0";
			developmentRegion = en;
			hasScannedForEncodings = 0;
			knownRegions = (
				en,
				Base,
			);
			mainGroup = 0CA003892B0BBFB1001DEC92;
			productRefGroup = 0CA003932B0BBFB1001DEC92 /* Products */;
			projectDirPath = "";
			projectRoot = "";
			targets = (
				0CA003912B0BBFB1001DEC92 /* Project23 */,
			);
		};
/* End PBXProject section */

/* Begin PBXResourcesBuildPhase section */
		0CA003902B0BBFB1001DEC92 /* Resources */ = {
			isa = PBXResourcesBuildPhase;
			buildActionMask = 2147483647;
			files = (
				70C654D62B0E190000216ECF /* gameOver.mp3 in Resources */,
				0CA003B82B0BC0CC001DEC92 /* swoosh2.caf in Resources */,
				0CA003BB2B0BC0CC001DEC92 /* launch.caf in Resources */,
				0CA003A12B0BBFB1001DEC92 /* Main.storyboard in Resources */,
				0CA003B92B0BC0CC001DEC92 /* whack.caf in Resources */,
				0CA003982B0BBFB1001DEC92 /* GameScene.sks in Resources */,
				0CA003C22B0BC10C001DEC92 /* sliceFuse.sks in Resources */,
				0CA003BC2B0BC0CC001DEC92 /* swoosh3.caf in Resources */,
				0CA003B52B0BC0CC001DEC92 /* explosion.caf in Resources */,
				0CA003A32B0BBFB2001DEC92 /* Assets.xcassets in Resources */,
				0CA003C32B0BC10C001DEC92 /* sliceHitBomb.sks in Resources */,
				0CA003C12B0BC10C001DEC92 /* sliceHitEnemy.sks in Resources */,
				0CA003A62B0BBFB2001DEC92 /* LaunchScreen.storyboard in Resources */,
				0CA003B72B0BC0CC001DEC92 /* sliceBombFuse.caf in Resources */,
				0CA003BA2B0BC0CC001DEC92 /* wrong.caf in Resources */,
				0CA003B62B0BC0CC001DEC92 /* swoosh1.caf in Resources */,
			);
			runOnlyForDeploymentPostprocessing = 0;
		};
/* End PBXResourcesBuildPhase section */

/* Begin PBXSourcesBuildPhase section */
		0CA0038E2B0BBFB1001DEC92 /* Sources */ = {
			isa = PBXSourcesBuildPhase;
			buildActionMask = 2147483647;
			files = (
				0CA0039C2B0BBFB1001DEC92 /* GameScene.swift in Sources */,
				0CA0039E2B0BBFB1001DEC92 /* GameViewController.swift in Sources */,
				0CA003962B0BBFB1001DEC92 /* AppDelegate.swift in Sources */,
			);
			runOnlyForDeploymentPostprocessing = 0;
		};
/* End PBXSourcesBuildPhase section */

/* Begin PBXVariantGroup section */
		0CA0039F2B0BBFB1001DEC92 /* Main.storyboard */ = {
			isa = PBXVariantGroup;
			children = (
				0CA003A02B0BBFB1001DEC92 /* Base */,
			);
			name = Main.storyboard;
			sourceTree = "<group>";
		};
		0CA003A42B0BBFB2001DEC92 /* LaunchScreen.storyboard */ = {
			isa = PBXVariantGroup;
			children = (
				0CA003A52B0BBFB2001DEC92 /* Base */,
			);
			name = LaunchScreen.storyboard;
			sourceTree = "<group>";
		};
/* End PBXVariantGroup section */

/* Begin XCBuildConfiguration section */
		0CA003A72B0BBFB2001DEC92 /* Debug */ = {
			isa = XCBuildConfiguration;
			buildSettings = {
				ALWAYS_SEARCH_USER_PATHS = NO;
				ASSETCATALOG_COMPILER_GENERATE_SWIFT_ASSET_SYMBOL_EXTENSIONS = YES;
				CLANG_ANALYZER_NONNULL = YES;
				CLANG_ANALYZER_NUMBER_OBJECT_CONVERSION = YES_AGGRESSIVE;
				CLANG_CXX_LANGUAGE_STANDARD = "gnu++20";
				CLANG_ENABLE_MODULES = YES;
				CLANG_ENABLE_OBJC_ARC = YES;
				CLANG_ENABLE_OBJC_WEAK = YES;
				CLANG_WARN_BLOCK_CAPTURE_AUTORELEASING = YES;
				CLANG_WARN_BOOL_CONVERSION = YES;
				CLANG_WARN_COMMA = YES;
				CLANG_WARN_CONSTANT_CONVERSION = YES;
				CLANG_WARN_DEPRECATED_OBJC_IMPLEMENTATIONS = YES;
				CLANG_WARN_DIRECT_OBJC_ISA_USAGE = YES_ERROR;
				CLANG_WARN_DOCUMENTATION_COMMENTS = YES;
				CLANG_WARN_EMPTY_BODY = YES;
				CLANG_WARN_ENUM_CONVERSION = YES;
				CLANG_WARN_INFINITE_RECURSION = YES;
				CLANG_WARN_INT_CONVERSION = YES;
				CLANG_WARN_NON_LITERAL_NULL_CONVERSION = YES;
				CLANG_WARN_OBJC_IMPLICIT_RETAIN_SELF = YES;
				CLANG_WARN_OBJC_LITERAL_CONVERSION = YES;
				CLANG_WARN_OBJC_ROOT_CLASS = YES_ERROR;
				CLANG_WARN_QUOTED_INCLUDE_IN_FRAMEWORK_HEADER = YES;
				CLANG_WARN_RANGE_LOOP_ANALYSIS = YES;
				CLANG_WARN_STRICT_PROTOTYPES = YES;
				CLANG_WARN_SUSPICIOUS_MOVE = YES;
				CLANG_WARN_UNGUARDED_AVAILABILITY = YES_AGGRESSIVE;
				CLANG_WARN_UNREACHABLE_CODE = YES;
				CLANG_WARN__DUPLICATE_METHOD_MATCH = YES;
				COPY_PHASE_STRIP = NO;
				DEBUG_INFORMATION_FORMAT = dwarf;
				ENABLE_STRICT_OBJC_MSGSEND = YES;
				ENABLE_TESTABILITY = YES;
				ENABLE_USER_SCRIPT_SANDBOXING = YES;
				GCC_C_LANGUAGE_STANDARD = gnu17;
				GCC_DYNAMIC_NO_PIC = NO;
				GCC_NO_COMMON_BLOCKS = YES;
				GCC_OPTIMIZATION_LEVEL = 0;
				GCC_PREPROCESSOR_DEFINITIONS = (
					"DEBUG=1",
					"$(inherited)",
				);
				GCC_WARN_64_TO_32_BIT_CONVERSION = YES;
				GCC_WARN_ABOUT_RETURN_TYPE = YES_ERROR;
				GCC_WARN_UNDECLARED_SELECTOR = YES;
				GCC_WARN_UNINITIALIZED_AUTOS = YES_AGGRESSIVE;
				GCC_WARN_UNUSED_FUNCTION = YES;
				GCC_WARN_UNUSED_VARIABLE = YES;
				IPHONEOS_DEPLOYMENT_TARGET = 17.0;
				LOCALIZATION_PREFERS_STRING_CATALOGS = YES;
				MTL_ENABLE_DEBUG_INFO = INCLUDE_SOURCE;
				MTL_FAST_MATH = YES;
				ONLY_ACTIVE_ARCH = YES;
				SDKROOT = iphoneos;
				SWIFT_ACTIVE_COMPILATION_CONDITIONS = "DEBUG $(inherited)";
				SWIFT_OPTIMIZATION_LEVEL = "-Onone";
			};
			name = Debug;
		};
		0CA003A82B0BBFB2001DEC92 /* Release */ = {
			isa = XCBuildConfiguration;
			buildSettings = {
				ALWAYS_SEARCH_USER_PATHS = NO;
				ASSETCATALOG_COMPILER_GENERATE_SWIFT_ASSET_SYMBOL_EXTENSIONS = YES;
				CLANG_ANALYZER_NONNULL = YES;
				CLANG_ANALYZER_NUMBER_OBJECT_CONVERSION = YES_AGGRESSIVE;
				CLANG_CXX_LANGUAGE_STANDARD = "gnu++20";
				CLANG_ENABLE_MODULES = YES;
				CLANG_ENABLE_OBJC_ARC = YES;
				CLANG_ENABLE_OBJC_WEAK = YES;
				CLANG_WARN_BLOCK_CAPTURE_AUTORELEASING = YES;
				CLANG_WARN_BOOL_CONVERSION = YES;
				CLANG_WARN_COMMA = YES;
				CLANG_WARN_CONSTANT_CONVERSION = YES;
				CLANG_WARN_DEPRECATED_OBJC_IMPLEMENTATIONS = YES;
				CLANG_WARN_DIRECT_OBJC_ISA_USAGE = YES_ERROR;
				CLANG_WARN_DOCUMENTATION_COMMENTS = YES;
				CLANG_WARN_EMPTY_BODY = YES;
				CLANG_WARN_ENUM_CONVERSION = YES;
				CLANG_WARN_INFINITE_RECURSION = YES;
				CLANG_WARN_INT_CONVERSION = YES;
				CLANG_WARN_NON_LITERAL_NULL_CONVERSION = YES;
				CLANG_WARN_OBJC_IMPLICIT_RETAIN_SELF = YES;
				CLANG_WARN_OBJC_LITERAL_CONVERSION = YES;
				CLANG_WARN_OBJC_ROOT_CLASS = YES_ERROR;
				CLANG_WARN_QUOTED_INCLUDE_IN_FRAMEWORK_HEADER = YES;
				CLANG_WARN_RANGE_LOOP_ANALYSIS = YES;
				CLANG_WARN_STRICT_PROTOTYPES = YES;
				CLANG_WARN_SUSPICIOUS_MOVE = YES;
				CLANG_WARN_UNGUARDED_AVAILABILITY = YES_AGGRESSIVE;
				CLANG_WARN_UNREACHABLE_CODE = YES;
				CLANG_WARN__DUPLICATE_METHOD_MATCH = YES;
				COPY_PHASE_STRIP = NO;
				DEBUG_INFORMATION_FORMAT = "dwarf-with-dsym";
				ENABLE_NS_ASSERTIONS = NO;
				ENABLE_STRICT_OBJC_MSGSEND = YES;
				ENABLE_USER_SCRIPT_SANDBOXING = YES;
				GCC_C_LANGUAGE_STANDARD = gnu17;
				GCC_NO_COMMON_BLOCKS = YES;
				GCC_WARN_64_TO_32_BIT_CONVERSION = YES;
				GCC_WARN_ABOUT_RETURN_TYPE = YES_ERROR;
				GCC_WARN_UNDECLARED_SELECTOR = YES;
				GCC_WARN_UNINITIALIZED_AUTOS = YES_AGGRESSIVE;
				GCC_WARN_UNUSED_FUNCTION = YES;
				GCC_WARN_UNUSED_VARIABLE = YES;
				IPHONEOS_DEPLOYMENT_TARGET = 17.0;
				LOCALIZATION_PREFERS_STRING_CATALOGS = YES;
				MTL_ENABLE_DEBUG_INFO = NO;
				MTL_FAST_MATH = YES;
				SDKROOT = iphoneos;
				SWIFT_COMPILATION_MODE = wholemodule;
				VALIDATE_PRODUCT = YES;
			};
			name = Release;
		};
		0CA003AA2B0BBFB2001DEC92 /* Debug */ = {
			isa = XCBuildConfiguration;
			buildSettings = {
				ASSETCATALOG_COMPILER_APPICON_NAME = AppIcon;
				ASSETCATALOG_COMPILER_GLOBAL_ACCENT_COLOR_NAME = AccentColor;
				CODE_SIGN_STYLE = Automatic;
				CURRENT_PROJECT_VERSION = 1;
				DEVELOPMENT_TEAM = 75HJK5L45N;
				GENERATE_INFOPLIST_FILE = YES;
				INFOPLIST_KEY_UIApplicationSupportsIndirectInputEvents = YES;
				INFOPLIST_KEY_UILaunchStoryboardName = LaunchScreen;
				INFOPLIST_KEY_UIMainStoryboardFile = Main;
				INFOPLIST_KEY_UIStatusBarHidden = YES;
				INFOPLIST_KEY_UISupportedInterfaceOrientations = "UIInterfaceOrientationLandscapeLeft UIInterfaceOrientationLandscapeRight UIInterfaceOrientationPortrait";
				INFOPLIST_KEY_UISupportedInterfaceOrientations_iPad = "UIInterfaceOrientationLandscapeLeft UIInterfaceOrientationLandscapeRight";
				LD_RUNPATH_SEARCH_PATHS = (
					"$(inherited)",
					"@executable_path/Frameworks",
				);
				MARKETING_VERSION = 1.0;
				PRODUCT_BUNDLE_IDENTIFIER = me.zykin.max.Project23;
				PRODUCT_NAME = "$(TARGET_NAME)";
				SUPPORTED_PLATFORMS = "iphoneos iphonesimulator";
				SUPPORTS_MACCATALYST = NO;
				SUPPORTS_MAC_DESIGNED_FOR_IPHONE_IPAD = NO;
				SWIFT_EMIT_LOC_STRINGS = YES;
				SWIFT_VERSION = 5.0;
				TARGETED_DEVICE_FAMILY = 2;
			};
			name = Debug;
		};
		0CA003AB2B0BBFB2001DEC92 /* Release */ = {
			isa = XCBuildConfiguration;
			buildSettings = {
				ASSETCATALOG_COMPILER_APPICON_NAME = AppIcon;
				ASSETCATALOG_COMPILER_GLOBAL_ACCENT_COLOR_NAME = AccentColor;
				CODE_SIGN_STYLE = Automatic;
				CURRENT_PROJECT_VERSION = 1;
				DEVELOPMENT_TEAM = 75HJK5L45N;
				GENERATE_INFOPLIST_FILE = YES;
				INFOPLIST_KEY_UIApplicationSupportsIndirectInputEvents = YES;
				INFOPLIST_KEY_UILaunchStoryboardName = LaunchScreen;
				INFOPLIST_KEY_UIMainStoryboardFile = Main;
				INFOPLIST_KEY_UIStatusBarHidden = YES;
				INFOPLIST_KEY_UISupportedInterfaceOrientations = "UIInterfaceOrientationLandscapeLeft UIInterfaceOrientationLandscapeRight UIInterfaceOrientationPortrait";
				INFOPLIST_KEY_UISupportedInterfaceOrientations_iPad = "UIInterfaceOrientationLandscapeLeft UIInterfaceOrientationLandscapeRight";
				LD_RUNPATH_SEARCH_PATHS = (
					"$(inherited)",
					"@executable_path/Frameworks",
				);
				MARKETING_VERSION = 1.0;
				PRODUCT_BUNDLE_IDENTIFIER = me.zykin.max.Project23;
				PRODUCT_NAME = "$(TARGET_NAME)";
				SUPPORTED_PLATFORMS = "iphoneos iphonesimulator";
				SUPPORTS_MACCATALYST = NO;
				SUPPORTS_MAC_DESIGNED_FOR_IPHONE_IPAD = NO;
				SWIFT_EMIT_LOC_STRINGS = YES;
				SWIFT_VERSION = 5.0;
				TARGETED_DEVICE_FAMILY = 2;
			};
			name = Release;
		};
/* End XCBuildConfiguration section */

/* Begin XCConfigurationList section */
		0CA0038D2B0BBFB1001DEC92 /* Build configuration list for PBXProject "Project23" */ = {
			isa = XCConfigurationList;
			buildConfigurations = (
				0CA003A72B0BBFB2001DEC92 /* Debug */,
				0CA003A82B0BBFB2001DEC92 /* Release */,
			);
			defaultConfigurationIsVisible = 0;
			defaultConfigurationName = Release;
		};
		0CA003A92B0BBFB2001DEC92 /* Build configuration list for PBXNativeTarget "Project23" */ = {
			isa = XCConfigurationList;
			buildConfigurations = (
				0CA003AA2B0BBFB2001DEC92 /* Debug */,
				0CA003AB2B0BBFB2001DEC92 /* Release */,
			);
			defaultConfigurationIsVisible = 0;
			defaultConfigurationName = Release;
		};
/* End XCConfigurationList section */
	};
	rootObject = 0CA0038A2B0BBFB1001DEC92 /* Project object */;
}
